
Microsoft Visual Studio Solution File, Format Version 12.00
# Visual Studio Version 17
VisualStudioVersion = 17.14.36121.58 d17.14
MinimumVisualStudioVersion = 10.0.40219.1
Project("{8BC9CEB8-8B4A-11D0-8D11-00A0C91BC942}") = "#04_5 year-info", "#04_5 year-info\#04_5 year-info.vcxproj", "{87CD0246-C5C2-444B-A618-43BF18A3E9E1}"
EndProject
Global
	GlobalSection(SolutionConfigurationPlatforms) = preSolution
		Debug|x64 = Debug|x64
		Debug|x86 = Debug|x86
		Release|x64 = Release|x64
		Release|x86 = Release|x86
	EndGlobalSection
	GlobalSection(ProjectConfigurationPlatforms) = postSolution
		{87CD0246-C5C2-444B-A618-43BF18A3E9E1}.Debug|x64.ActiveCfg = Debug|x64
		{87CD0246-C5C2-444B-A618-43BF18A3E9E1}.Debug|x64.Build.0 = Debug|x64
		{87CD0246-C5C2-444B-A618-43BF18A3E9E1}.Debug|x86.ActiveCfg = Debug|Win32
		{87CD0246-C5C2-444B-A618-43BF18A3E9E1}.Debug|x86.Build.0 = Debug|Win32
		{87CD0246-C5C2-444B-A618-43BF18A3E9E1}.Release|x64.ActiveCfg = Release|x64
		{87CD0246-C5C2-444B-A618-43BF18A3E9E1}.Release|x64.Build.0 = Release|x64
		{87CD0246-C5C2-444B-A618-43BF18A3E9E1}.Release|x86.ActiveCfg = Release|Win32
		{87CD0246-C5C2-444B-A618-43BF18A3E9E1}.Release|x86.Build.0 = Release|Win32
	EndGlobalSection
	GlobalSection(SolutionProperties) = preSolution
		HideSolutionNode = FALSE
	EndGlobalSection
	GlobalSection(ExtensibilityGlobals) = postSolution
		SolutionGuid = {9502288E-5160-4AEA-89BB-E3B43C8CF315}
	EndGlobalSection
EndGlobal
