
Microsoft Visual Studio Solution File, Format Version 12.00
# Visual Studio Version 17
VisualStudioVersion = 17.14.36121.58 d17.14
MinimumVisualStudioVersion = 10.0.40219.1
Project("{8BC9CEB8-8B4A-11D0-8D11-00A0C91BC942}") = "#19_2 RandomNum", "#19_2 RandomNum\#19_2 RandomNum.vcxproj", "{72199EDD-872D-42B5-8066-A65B07EF9C47}"
EndProject
Global
	GlobalSection(SolutionConfigurationPlatforms) = preSolution
		Debug|x64 = Debug|x64
		Debug|x86 = Debug|x86
		Release|x64 = Release|x64
		Release|x86 = Release|x86
	EndGlobalSection
	GlobalSection(ProjectConfigurationPlatforms) = postSolution
		{72199EDD-872D-42B5-8066-A65B07EF9C47}.Debug|x64.ActiveCfg = Debug|x64
		{72199EDD-872D-42B5-8066-A65B07EF9C47}.Debug|x64.Build.0 = Debug|x64
		{72199EDD-872D-42B5-8066-A65B07EF9C47}.Debug|x86.ActiveCfg = Debug|Win32
		{72199EDD-872D-42B5-8066-A65B07EF9C47}.Debug|x86.Build.0 = Debug|Win32
		{72199EDD-872D-42B5-8066-A65B07EF9C47}.Release|x64.ActiveCfg = Release|x64
		{72199EDD-872D-42B5-8066-A65B07EF9C47}.Release|x64.Build.0 = Release|x64
		{72199EDD-872D-42B5-8066-A65B07EF9C47}.Release|x86.ActiveCfg = Release|Win32
		{72199EDD-872D-42B5-8066-A65B07EF9C47}.Release|x86.Build.0 = Release|Win32
	EndGlobalSection
	GlobalSection(SolutionProperties) = preSolution
		HideSolutionNode = FALSE
	EndGlobalSection
	GlobalSection(ExtensibilityGlobals) = postSolution
		SolutionGuid = {E0ECFE95-AA1D-42BB-9467-86F9AFD40D72}
	EndGlobalSection
EndGlobal
